{
  "nodes": {
    "cuda-legacy": {
      "inputs": {
        "flake-parts": [
          "cuda-legacy"
        ],
        "nixpkgs": [
          "nixpkgs"
        ]
      },
      "locked": {
        "lastModified": 1764121414,
        "narHash": "sha256-nMrY3Qmv8TDBRgWu6lIF1o158qLu9jCYN5Hpki0FGu0=",
        "owner": "nixos-cuda",
        "repo": "cuda-legacy",
        "rev": "3323fa062d19f7a0b15fd720a94bc05ad8c664cb",
        "type": "github"
      },
      "original": {
        "owner": "nixos-cuda",
        "repo": "cuda-legacy",
        "type": "github"
      }
    },
    "nixpkgs": {
      "locked": {
        "lastModified": 1764355838,
        "narHash": "sha256-6A/QlhQBxLDDRkeOgMWJKQYCwzmkDpkGFlS/zRUfoyc=",
        "owner": "nixos",
        "repo": "nixpkgs",
        "rev": "06f308f856dbd546cefc3c11f8dc4b0058ea3659",
        "type": "github"
      },
      "original": {
        "owner": "nixos",
        "ref": "master",
        "repo": "nixpkgs",
        "type": "github"
      }
    },
    "root": {
      "inputs": {
        "cuda-legacy": "cuda-legacy",
        "nixpkgs": "nixpkgs"
      }
    }
  },
  "root": "root",
  "version": 7
}
