{
  "nodes": {
    "cuda-legacy": {
      "inputs": {
        "flake-parts": [
          "cuda-legacy"
        ],
        "nixpkgs": [
          "nixpkgs"
        ]
      },
      "locked": {
        "lastModified": 1775497984,
        "narHash": "sha256-Jyu+3yxxmiyaUUYHJY8mwEiDSIWXeBlBLtmxLJ4uOo4=",
        "owner": "nixos-cuda",
        "repo": "cuda-legacy",
        "rev": "d0928b579a1f633d3275902225c430bf867fd9c6",
        "type": "github"
      },
      "original": {
        "owner": "nixos-cuda",
        "repo": "cuda-legacy",
        "type": "github"
      }
    },
    "nixpkgs": {
      "locked": {
        "lastModified": 1774388614,
        "narHash": "sha256-tFwzTI0DdDzovdE9+Ras6CUss0yn8P9XV4Ja6RjA+nU=",
        "owner": "nixos",
        "repo": "nixpkgs",
        "rev": "1073dad219cb244572b74da2b20c7fe39cb3fa9e",
        "type": "github"
      },
      "original": {
        "owner": "nixos",
        "ref": "nixos-25.11",
        "repo": "nixpkgs",
        "type": "github"
      }
    },
    "root": {
      "inputs": {
        "cuda-legacy": "cuda-legacy",
        "nixpkgs": "nixpkgs"
      }
    }
  },
  "root": "root",
  "version": 7
}
